
Microsoft Visual Studio Solution File, Format Version 12.00
# Visual Studio Version 16
VisualStudioVersion = 16.0.32228.343
MinimumVisualStudioVersion = 10.0.40219.1
Project("{FAE04EC0-301F-11D3-BF4B-00C04F79EFBC}") = "ox.n.cock2", "ox.n.cock2\ox.n.cock2.csproj", "{9737DAA4-0A9A-44B1-8F75-765ED2351E00}"
EndProject
Global
	GlobalSection(SolutionConfigurationPlatforms) = preSolution
		Debug|Any CPU = Debug|Any CPU
		Release|Any CPU = Release|Any CPU
	EndGlobalSection
	GlobalSection(ProjectConfigurationPlatforms) = postSolution
		{9737DAA4-0A9A-44B1-8F75-765ED2351E00}.Debug|Any CPU.ActiveCfg = Debug|Any CPU
		{9737DAA4-0A9A-44B1-8F75-765ED2351E00}.Debug|Any CPU.Build.0 = Debug|Any CPU
		{9737DAA4-0A9A-44B1-8F75-765ED2351E00}.Release|Any CPU.ActiveCfg = Release|Any CPU
		{9737DAA4-0A9A-44B1-8F75-765ED2351E00}.Release|Any CPU.Build.0 = Release|Any CPU
	EndGlobalSection
	GlobalSection(SolutionProperties) = preSolution
		HideSolutionNode = FALSE
	EndGlobalSection
	GlobalSection(ExtensibilityGlobals) = postSolution
		SolutionGuid = {0B8DD126-F0DB-49B6-B283-5D59FF4F3D38}
	EndGlobalSection
EndGlobal
